// !$*UTF8*$!
{
	archiveVersion = 1;
	classes = {
	};
	objectVersion = 50;
	objects = {

/* Begin PBXBuildFile section */
		1EC6D791175CAE4706444210 /* Pods_BaseProject.framework in Frameworks */ = {isa = PBXBuildFile; fileRef = C273E710044C70A6C74C4FDD /* Pods_BaseProject.framework */; };
		4FA0DD8B89A4AF678A53DD41 /* Pods_BaseProjectTests.framework in Frameworks */ = {isa = PBXBuildFile; fileRef = CAC67CD6FF51DF9DDDD198F8 /* Pods_BaseProjectTests.framework */; };
		6DC2078D21B9A01E000A6A5A /* Order.swift in Sources */ = {isa = PBXBuildFile; fileRef = 6DC2078C21B9A01E000A6A5A /* Order.swift */; };
		6DC2079121B9B6DA000A6A5A /* CreateOrderInteractor.swift in Sources */ = {isa = PBXBuildFile; fileRef = 6DC2079021B9B6DA000A6A5A /* CreateOrderInteractor.swift */; };
		6DC2079321B9B993000A6A5A /* Interactor.swift in Sources */ = {isa = PBXBuildFile; fileRef = 6DC2079221B9B993000A6A5A /* Interactor.swift */; };
		6DC2079821B9BBFE000A6A5A /* CreateOrderInput.swift in Sources */ = {isa = PBXBuildFile; fileRef = 6DC2079721B9BBFE000A6A5A /* CreateOrderInput.swift */; };
		6DC2079A21B9BC62000A6A5A /* CreateOrderOutput.swift in Sources */ = {isa = PBXBuildFile; fileRef = 6DC2079921B9BC62000A6A5A /* CreateOrderOutput.swift */; };
		6DC2079E21B9BD76000A6A5A /* RequestModel.swift in Sources */ = {isa = PBXBuildFile; fileRef = 6DC2079D21B9BD76000A6A5A /* RequestModel.swift */; };
		6DC207A021B9BDBB000A6A5A /* ResponseModel.swift in Sources */ = {isa = PBXBuildFile; fileRef = 6DC2079F21B9BDBB000A6A5A /* ResponseModel.swift */; };
		6DC207A221B9BE3E000A6A5A /* Boundary.swift in Sources */ = {isa = PBXBuildFile; fileRef = 6DC207A121B9BE3E000A6A5A /* Boundary.swift */; };
		6DC207A521B9C00B000A6A5A /* CreateOrderViewController.swift in Sources */ = {isa = PBXBuildFile; fileRef = 6DC207A321B9C00B000A6A5A /* CreateOrderViewController.swift */; };
		6DC207AA21B9C06F000A6A5A /* CreateOrderPresenter.swift in Sources */ = {isa = PBXBuildFile; fileRef = 6DC207A921B9C06F000A6A5A /* CreateOrderPresenter.swift */; };
		6DFF50BB21BC0DC5007B1630 /* CreateOrderSceneConfigurator.swift in Sources */ = {isa = PBXBuildFile; fileRef = 6DFF50BA21BC0DC5007B1630 /* CreateOrderSceneConfigurator.swift */; };
		EEB0E6B621725E3600CAF99E /* AppDelegate.swift in Sources */ = {isa = PBXBuildFile; fileRef = EEB0E6B521725E3600CAF99E /* AppDelegate.swift */; };
		EEB0E6BD21725E3700CAF99E /* Assets.xcassets in Resources */ = {isa = PBXBuildFile; fileRef = EEB0E6BC21725E3700CAF99E /* Assets.xcassets */; };
		EEB0E6C021725E3700CAF99E /* LaunchScreen.storyboard in Resources */ = {isa = PBXBuildFile; fileRef = EEB0E6BE21725E3700CAF99E /* LaunchScreen.storyboard */; };
		EEB0E6CB21725E3700CAF99E /* BaseProjectTests.swift in Sources */ = {isa = PBXBuildFile; fileRef = EEB0E6CA21725E3700CAF99E /* BaseProjectTests.swift */; };
/* End PBXBuildFile section */

/* Begin PBXContainerItemProxy section */
		EEB0E6C721725E3700CAF99E /* PBXContainerItemProxy */ = {
			isa = PBXContainerItemProxy;
			containerPortal = EEB0E6AA21725E3600CAF99E /* Project object */;
			proxyType = 1;
			remoteGlobalIDString = EEB0E6B121725E3600CAF99E;
			remoteInfo = BaseProject;
		};
/* End PBXContainerItemProxy section */

/* Begin PBXFileReference section */
		101F9FB3B4782ABEAAC213ED /* Pods-BaseProject.debug.xcconfig */ = {isa = PBXFileReference; includeInIndex = 1; lastKnownFileType = text.xcconfig; name = "Pods-BaseProject.debug.xcconfig"; path = "Pods/Target Support Files/Pods-BaseProject/Pods-BaseProject.debug.xcconfig"; sourceTree = "<group>"; };
		3E19D47186EB9CC2D1A403D5 /* Pods-BaseProjectTests.debug.xcconfig */ = {isa = PBXFileReference; includeInIndex = 1; lastKnownFileType = text.xcconfig; name = "Pods-BaseProjectTests.debug.xcconfig"; path = "Pods/Target Support Files/Pods-BaseProjectTests/Pods-BaseProjectTests.debug.xcconfig"; sourceTree = "<group>"; };
		6DC2078C21B9A01E000A6A5A /* Order.swift */ = {isa = PBXFileReference; lastKnownFileType = sourcecode.swift; path = Order.swift; sourceTree = "<group>"; };
		6DC2079021B9B6DA000A6A5A /* CreateOrderInteractor.swift */ = {isa = PBXFileReference; lastKnownFileType = sourcecode.swift; path = CreateOrderInteractor.swift; sourceTree = "<group>"; };
		6DC2079221B9B993000A6A5A /* Interactor.swift */ = {isa = PBXFileReference; lastKnownFileType = sourcecode.swift; path = Interactor.swift; sourceTree = "<group>"; };
		6DC2079721B9BBFE000A6A5A /* CreateOrderInput.swift */ = {isa = PBXFileReference; lastKnownFileType = sourcecode.swift; path = CreateOrderInput.swift; sourceTree = "<group>"; };
		6DC2079921B9BC62000A6A5A /* CreateOrderOutput.swift */ = {isa = PBXFileReference; lastKnownFileType = sourcecode.swift; path = CreateOrderOutput.swift; sourceTree = "<group>"; };
		6DC2079D21B9BD76000A6A5A /* RequestModel.swift */ = {isa = PBXFileReference; lastKnownFileType = sourcecode.swift; path = RequestModel.swift; sourceTree = "<group>"; };
		6DC2079F21B9BDBB000A6A5A /* ResponseModel.swift */ = {isa = PBXFileReference; lastKnownFileType = sourcecode.swift; path = ResponseModel.swift; sourceTree = "<group>"; };
		6DC207A121B9BE3E000A6A5A /* Boundary.swift */ = {isa = PBXFileReference; lastKnownFileType = sourcecode.swift; path = Boundary.swift; sourceTree = "<group>"; };
		6DC207A321B9C00B000A6A5A /* CreateOrderViewController.swift */ = {isa = PBXFileReference; lastKnownFileType = sourcecode.swift; path = CreateOrderViewController.swift; sourceTree = "<group>"; };
		6DC207A921B9C06F000A6A5A /* CreateOrderPresenter.swift */ = {isa = PBXFileReference; lastKnownFileType = sourcecode.swift; path = CreateOrderPresenter.swift; sourceTree = "<group>"; };
		6DFF50BA21BC0DC5007B1630 /* CreateOrderSceneConfigurator.swift */ = {isa = PBXFileReference; lastKnownFileType = sourcecode.swift; path = CreateOrderSceneConfigurator.swift; sourceTree = "<group>"; };
		8F6C3DE9642FD62CFA29EF20 /* Pods-BaseProjectTests.release.xcconfig */ = {isa = PBXFileReference; includeInIndex = 1; lastKnownFileType = text.xcconfig; name = "Pods-BaseProjectTests.release.xcconfig"; path = "Pods/Target Support Files/Pods-BaseProjectTests/Pods-BaseProjectTests.release.xcconfig"; sourceTree = "<group>"; };
		C273E710044C70A6C74C4FDD /* Pods_BaseProject.framework */ = {isa = PBXFileReference; explicitFileType = wrapper.framework; includeInIndex = 0; path = Pods_BaseProject.framework; sourceTree = BUILT_PRODUCTS_DIR; };
		C531D2DE55731110BDF5046D /* Pods-BaseProject.release.xcconfig */ = {isa = PBXFileReference; includeInIndex = 1; lastKnownFileType = text.xcconfig; name = "Pods-BaseProject.release.xcconfig"; path = "Pods/Target Support Files/Pods-BaseProject/Pods-BaseProject.release.xcconfig"; sourceTree = "<group>"; };
		CAC67CD6FF51DF9DDDD198F8 /* Pods_BaseProjectTests.framework */ = {isa = PBXFileReference; explicitFileType = wrapper.framework; includeInIndex = 0; path = Pods_BaseProjectTests.framework; sourceTree = BUILT_PRODUCTS_DIR; };
		EEB0E6B221725E3600CAF99E /* BaseProject.app */ = {isa = PBXFileReference; explicitFileType = wrapper.application; includeInIndex = 0; path = BaseProject.app; sourceTree = BUILT_PRODUCTS_DIR; };
		EEB0E6B521725E3600CAF99E /* AppDelegate.swift */ = {isa = PBXFileReference; lastKnownFileType = sourcecode.swift; path = AppDelegate.swift; sourceTree = "<group>"; };
		EEB0E6BC21725E3700CAF99E /* Assets.xcassets */ = {isa = PBXFileReference; lastKnownFileType = folder.assetcatalog; path = Assets.xcassets; sourceTree = "<group>"; };
		EEB0E6BF21725E3700CAF99E /* Base */ = {isa = PBXFileReference; lastKnownFileType = file.storyboard; name = Base; path = Base.lproj/LaunchScreen.storyboard; sourceTree = "<group>"; };
		EEB0E6C121725E3700CAF99E /* Info.plist */ = {isa = PBXFileReference; lastKnownFileType = text.plist.xml; path = Info.plist; sourceTree = "<group>"; };
		EEB0E6C621725E3700CAF99E /* BaseProjectTests.xctest */ = {isa = PBXFileReference; explicitFileType = wrapper.cfbundle; includeInIndex = 0; path = BaseProjectTests.xctest; sourceTree = BUILT_PRODUCTS_DIR; };
		EEB0E6CA21725E3700CAF99E /* BaseProjectTests.swift */ = {isa = PBXFileReference; lastKnownFileType = sourcecode.swift; path = BaseProjectTests.swift; sourceTree = "<group>"; };
		EEB0E6CC21725E3700CAF99E /* Info.plist */ = {isa = PBXFileReference; lastKnownFileType = text.plist.xml; path = Info.plist; sourceTree = "<group>"; };
/* End PBXFileReference section */

/* Begin PBXFrameworksBuildPhase section */
		EEB0E6AF21725E3600CAF99E /* Frameworks */ = {
			isa = PBXFrameworksBuildPhase;
			buildActionMask = 2147483647;
			files = (
				1EC6D791175CAE4706444210 /* Pods_BaseProject.framework in Frameworks */,
			);
			runOnlyForDeploymentPostprocessing = 0;
		};
		EEB0E6C321725E3700CAF99E /* Frameworks */ = {
			isa = PBXFrameworksBuildPhase;
			buildActionMask = 2147483647;
			files = (
				4FA0DD8B89A4AF678A53DD41 /* Pods_BaseProjectTests.framework in Frameworks */,
			);
			runOnlyForDeploymentPostprocessing = 0;
		};
/* End PBXFrameworksBuildPhase section */

/* Begin PBXGroup section */
		12091BC63DF1E6A13304999C /* Pods */ = {
			isa = PBXGroup;
			children = (
				101F9FB3B4782ABEAAC213ED /* Pods-BaseProject.debug.xcconfig */,
				C531D2DE55731110BDF5046D /* Pods-BaseProject.release.xcconfig */,
				3E19D47186EB9CC2D1A403D5 /* Pods-BaseProjectTests.debug.xcconfig */,
				8F6C3DE9642FD62CFA29EF20 /* Pods-BaseProjectTests.release.xcconfig */,
			);
			name = Pods;
			sourceTree = "<group>";
		};
		6DC2078921B99FE9000A6A5A /* Presentation */ = {
			isa = PBXGroup;
			children = (
				6DC207A721B9C030000A6A5A /* Scenes */,
			);
			path = Presentation;
			sourceTree = "<group>";
		};
		6DC2078A21B99FF2000A6A5A /* Domain */ = {
			isa = PBXGroup;
			children = (
				6DC2079421B9BB4E000A6A5A /* Use Cases */,
				6DC2078E21B9A030000A6A5A /* Entities */,
			);
			path = Domain;
			sourceTree = "<group>";
		};
		6DC2078B21B99FF8000A6A5A /* Data */ = {
			isa = PBXGroup;
			children = (
			);
			path = Data;
			sourceTree = "<group>";
		};
		6DC2078E21B9A030000A6A5A /* Entities */ = {
			isa = PBXGroup;
			children = (
				6DC2078C21B9A01E000A6A5A /* Order.swift */,
			);
			path = Entities;
			sourceTree = "<group>";
		};
		6DC2079421B9BB4E000A6A5A /* Use Cases */ = {
			isa = PBXGroup;
			children = (
				6DC2079521B9BB5E000A6A5A /* Create Order */,
			);
			path = "Use Cases";
			sourceTree = "<group>";
		};
		6DC2079521B9BB5E000A6A5A /* Create Order */ = {
			isa = PBXGroup;
			children = (
				6DC2079021B9B6DA000A6A5A /* CreateOrderInteractor.swift */,
				6DC2079721B9BBFE000A6A5A /* CreateOrderInput.swift */,
				6DC2079921B9BC62000A6A5A /* CreateOrderOutput.swift */,
			);
			path = "Create Order";
			sourceTree = "<group>";
		};
		6DC2079621B9BBA2000A6A5A /* Architecture Resources */ = {
			isa = PBXGroup;
			children = (
				6DC2079221B9B993000A6A5A /* Interactor.swift */,
				6DC2079D21B9BD76000A6A5A /* RequestModel.swift */,
				6DC2079F21B9BDBB000A6A5A /* ResponseModel.swift */,
				6DC207A121B9BE3E000A6A5A /* Boundary.swift */,
			);
			path = "Architecture Resources";
			sourceTree = "<group>";
		};
		6DC207A721B9C030000A6A5A /* Scenes */ = {
			isa = PBXGroup;
			children = (
				6DC207A821B9C044000A6A5A /* Create Order */,
			);
			path = Scenes;
			sourceTree = "<group>";
		};
		6DC207A821B9C044000A6A5A /* Create Order */ = {
			isa = PBXGroup;
			children = (
				6DC207A921B9C06F000A6A5A /* CreateOrderPresenter.swift */,
				6DC207A321B9C00B000A6A5A /* CreateOrderViewController.swift */,
				6DFF50BA21BC0DC5007B1630 /* CreateOrderSceneConfigurator.swift */,
			);
			path = "Create Order";
			sourceTree = "<group>";
		};
		A1432DDD3B5FE946DA797C5C /* Frameworks */ = {
			isa = PBXGroup;
			children = (
				C273E710044C70A6C74C4FDD /* Pods_BaseProject.framework */,
				CAC67CD6FF51DF9DDDD198F8 /* Pods_BaseProjectTests.framework */,
			);
			name = Frameworks;
			sourceTree = "<group>";
		};
		EEB0E6A921725E3600CAF99E = {
			isa = PBXGroup;
			children = (
				EEB0E6B421725E3600CAF99E /* BaseProject */,
				EEB0E6C921725E3700CAF99E /* BaseProjectTests */,
				EEB0E6B321725E3600CAF99E /* Products */,
				12091BC63DF1E6A13304999C /* Pods */,
				A1432DDD3B5FE946DA797C5C /* Frameworks */,
			);
			sourceTree = "<group>";
		};
		EEB0E6B321725E3600CAF99E /* Products */ = {
			isa = PBXGroup;
			children = (
				EEB0E6B221725E3600CAF99E /* BaseProject.app */,
				EEB0E6C621725E3700CAF99E /* BaseProjectTests.xctest */,
			);
			name = Products;
			sourceTree = "<group>";
		};
		EEB0E6B421725E3600CAF99E /* BaseProject */ = {
			isa = PBXGroup;
			children = (
				EEB0E6D521725E5100CAF99E /* App */,
				6DC2079621B9BBA2000A6A5A /* Architecture Resources */,
				EEB0E6D621725E6C00CAF99E /* Resources */,
			);
			path = BaseProject;
			sourceTree = "<group>";
		};
		EEB0E6C921725E3700CAF99E /* BaseProjectTests */ = {
			isa = PBXGroup;
			children = (
				EEB0E6CA21725E3700CAF99E /* BaseProjectTests.swift */,
				EEB0E6CC21725E3700CAF99E /* Info.plist */,
			);
			path = BaseProjectTests;
			sourceTree = "<group>";
		};
		EEB0E6D521725E5100CAF99E /* App */ = {
			isa = PBXGroup;
			children = (
				6DC2078A21B99FF2000A6A5A /* Domain */,
				6DC2078921B99FE9000A6A5A /* Presentation */,
				6DC2078B21B99FF8000A6A5A /* Data */,
			);
			path = App;
			sourceTree = "<group>";
		};
		EEB0E6D621725E6C00CAF99E /* Resources */ = {
			isa = PBXGroup;
			children = (
				EEB0E6C121725E3700CAF99E /* Info.plist */,
				EEB0E6B521725E3600CAF99E /* AppDelegate.swift */,
				EEB0E6BC21725E3700CAF99E /* Assets.xcassets */,
				EEB0E6BE21725E3700CAF99E /* LaunchScreen.storyboard */,
			);
			path = Resources;
			sourceTree = "<group>";
		};
/* End PBXGroup section */

/* Begin PBXNativeTarget section */
		EEB0E6B121725E3600CAF99E /* BaseProject */ = {
			isa = PBXNativeTarget;
			buildConfigurationList = EEB0E6CF21725E3700CAF99E /* Build configuration list for PBXNativeTarget "BaseProject" */;
			buildPhases = (
				47B8489D12CAE4D19050F6C5 /* [CP] Check Pods Manifest.lock */,
				EEB0E6AE21725E3600CAF99E /* Sources */,
				EEB0E6AF21725E3600CAF99E /* Frameworks */,
				EEB0E6B021725E3600CAF99E /* Resources */,
				EEB0E6E32172647800CAF99E /* ShellScript */,
				58537A35876D2C3F3D5258E0 /* [CP] Embed Pods Frameworks */,
			);
			buildRules = (
			);
			dependencies = (
			);
			name = BaseProject;
			productName = BaseProject;
			productReference = EEB0E6B221725E3600CAF99E /* BaseProject.app */;
			productType = "com.apple.product-type.application";
		};
		EEB0E6C521725E3700CAF99E /* BaseProjectTests */ = {
			isa = PBXNativeTarget;
			buildConfigurationList = EEB0E6D221725E3700CAF99E /* Build configuration list for PBXNativeTarget "BaseProjectTests" */;
			buildPhases = (
				0C07D3DDB65D182396454FEB /* [CP] Check Pods Manifest.lock */,
				EEB0E6C221725E3700CAF99E /* Sources */,
				EEB0E6C321725E3700CAF99E /* Frameworks */,
				EEB0E6C421725E3700CAF99E /* Resources */,
			);
			buildRules = (
			);
			dependencies = (
				EEB0E6C821725E3700CAF99E /* PBXTargetDependency */,
			);
			name = BaseProjectTests;
			productName = BaseProjectTests;
			productReference = EEB0E6C621725E3700CAF99E /* BaseProjectTests.xctest */;
			productType = "com.apple.product-type.bundle.unit-test";
		};
/* End PBXNativeTarget section */

/* Begin PBXProject section */
		EEB0E6AA21725E3600CAF99E /* Project object */ = {
			isa = PBXProject;
			attributes = {
				LastSwiftUpdateCheck = 1000;
				LastUpgradeCheck = 1000;
				ORGANIZATIONNAME = made2;
				TargetAttributes = {
					EEB0E6B121725E3600CAF99E = {
						CreatedOnToolsVersion = 10.0;
					};
					EEB0E6C521725E3700CAF99E = {
						CreatedOnToolsVersion = 10.0;
						TestTargetID = EEB0E6B121725E3600CAF99E;
					};
				};
			};
			buildConfigurationList = EEB0E6AD21725E3600CAF99E /* Build configuration list for PBXProject "BaseProject" */;
			compatibilityVersion = "Xcode 9.3";
			developmentRegion = en;
			hasScannedForEncodings = 0;
			knownRegions = (
				en,
				Base,
			);
			mainGroup = EEB0E6A921725E3600CAF99E;
			productRefGroup = EEB0E6B321725E3600CAF99E /* Products */;
			projectDirPath = "";
			projectRoot = "";
			targets = (
				EEB0E6B121725E3600CAF99E /* BaseProject */,
				EEB0E6C521725E3700CAF99E /* BaseProjectTests */,
			);
		};
/* End PBXProject section */

/* Begin PBXResourcesBuildPhase section */
		EEB0E6B021725E3600CAF99E /* Resources */ = {
			isa = PBXResourcesBuildPhase;
			buildActionMask = 2147483647;
			files = (
				EEB0E6C021725E3700CAF99E /* LaunchScreen.storyboard in Resources */,
				EEB0E6BD21725E3700CAF99E /* Assets.xcassets in Resources */,
			);
			runOnlyForDeploymentPostprocessing = 0;
		};
		EEB0E6C421725E3700CAF99E /* Resources */ = {
			isa = PBXResourcesBuildPhase;
			buildActionMask = 2147483647;
			files = (
			);
			runOnlyForDeploymentPostprocessing = 0;
		};
/* End PBXResourcesBuildPhase section */

/* Begin PBXShellScriptBuildPhase section */
		0C07D3DDB65D182396454FEB /* [CP] Check Pods Manifest.lock */ = {
			isa = PBXShellScriptBuildPhase;
			buildActionMask = 2147483647;
			files = (
			);
			inputFileListPaths = (
			);
			inputPaths = (
				"${PODS_PODFILE_DIR_PATH}/Podfile.lock",
				"${PODS_ROOT}/Manifest.lock",
			);
			name = "[CP] Check Pods Manifest.lock";
			outputFileListPaths = (
			);
			outputPaths = (
				"$(DERIVED_FILE_DIR)/Pods-BaseProjectTests-checkManifestLockResult.txt",
			);
			runOnlyForDeploymentPostprocessing = 0;
			shellPath = /bin/sh;
			shellScript = "diff \"${PODS_PODFILE_DIR_PATH}/Podfile.lock\" \"${PODS_ROOT}/Manifest.lock\" > /dev/null\nif [ $? != 0 ] ; then\n    # print error to STDERR\n    echo \"error: The sandbox is not in sync with the Podfile.lock. Run 'pod install' or update your CocoaPods installation.\" >&2\n    exit 1\nfi\n# This output is used by Xcode 'outputs' to avoid re-running this script phase.\necho \"SUCCESS\" > \"${SCRIPT_OUTPUT_FILE_0}\"\n";
			showEnvVarsInLog = 0;
		};
		47B8489D12CAE4D19050F6C5 /* [CP] Check Pods Manifest.lock */ = {
			isa = PBXShellScriptBuildPhase;
			buildActionMask = 2147483647;
			files = (
			);
			inputFileListPaths = (
			);
			inputPaths = (
				"${PODS_PODFILE_DIR_PATH}/Podfile.lock",
				"${PODS_ROOT}/Manifest.lock",
			);
			name = "[CP] Check Pods Manifest.lock";
			outputFileListPaths = (
			);
			outputPaths = (
				"$(DERIVED_FILE_DIR)/Pods-BaseProject-checkManifestLockResult.txt",
			);
			runOnlyForDeploymentPostprocessing = 0;
			shellPath = /bin/sh;
			shellScript = "diff \"${PODS_PODFILE_DIR_PATH}/Podfile.lock\" \"${PODS_ROOT}/Manifest.lock\" > /dev/null\nif [ $? != 0 ] ; then\n    # print error to STDERR\n    echo \"error: The sandbox is not in sync with the Podfile.lock. Run 'pod install' or update your CocoaPods installation.\" >&2\n    exit 1\nfi\n# This output is used by Xcode 'outputs' to avoid re-running this script phase.\necho \"SUCCESS\" > \"${SCRIPT_OUTPUT_FILE_0}\"\n";
			showEnvVarsInLog = 0;
		};
		58537A35876D2C3F3D5258E0 /* [CP] Embed Pods Frameworks */ = {
			isa = PBXShellScriptBuildPhase;
			buildActionMask = 2147483647;
			files = (
			);
			inputFileListPaths = (
			);
			inputPaths = (
				"${SRCROOT}/Pods/Target Support Files/Pods-BaseProject/Pods-BaseProject-frameworks.sh",
				"${BUILT_PRODUCTS_DIR}/Kingfisher/Kingfisher.framework",
			);
			name = "[CP] Embed Pods Frameworks";
			outputFileListPaths = (
			);
			outputPaths = (
				"${TARGET_BUILD_DIR}/${FRAMEWORKS_FOLDER_PATH}/Kingfisher.framework",
			);
			runOnlyForDeploymentPostprocessing = 0;
			shellPath = /bin/sh;
			shellScript = "\"${SRCROOT}/Pods/Target Support Files/Pods-BaseProject/Pods-BaseProject-frameworks.sh\"\n";
			showEnvVarsInLog = 0;
		};
		EEB0E6E32172647800CAF99E /* ShellScript */ = {
			isa = PBXShellScriptBuildPhase;
			buildActionMask = 2147483647;
			files = (
			);
			inputFileListPaths = (
			);
			inputPaths = (
			);
			outputFileListPaths = (
			);
			outputPaths = (
			);
			runOnlyForDeploymentPostprocessing = 0;
			shellPath = /bin/sh;
			shellScript = "if which swiftlint >/dev/null; then\nswiftlint\nelse\necho \"warning: SwiftLint not installed, download from https://github.com/realm/SwiftLint\"\nfi\n";
		};
/* End PBXShellScriptBuildPhase section */

/* Begin PBXSourcesBuildPhase section */
		EEB0E6AE21725E3600CAF99E /* Sources */ = {
			isa = PBXSourcesBuildPhase;
			buildActionMask = 2147483647;
			files = (
				6DC207A221B9BE3E000A6A5A /* Boundary.swift in Sources */,
				6DC2079A21B9BC62000A6A5A /* CreateOrderOutput.swift in Sources */,
				6DC2079121B9B6DA000A6A5A /* CreateOrderInteractor.swift in Sources */,
				6DC2078D21B9A01E000A6A5A /* Order.swift in Sources */,
				6DC2079321B9B993000A6A5A /* Interactor.swift in Sources */,
				EEB0E6B621725E3600CAF99E /* AppDelegate.swift in Sources */,
				6DC207A521B9C00B000A6A5A /* CreateOrderViewController.swift in Sources */,
				6DFF50BB21BC0DC5007B1630 /* CreateOrderSceneConfigurator.swift in Sources */,
				6DC2079E21B9BD76000A6A5A /* RequestModel.swift in Sources */,
				6DC207AA21B9C06F000A6A5A /* CreateOrderPresenter.swift in Sources */,
				6DC207A021B9BDBB000A6A5A /* ResponseModel.swift in Sources */,
				6DC2079821B9BBFE000A6A5A /* CreateOrderInput.swift in Sources */,
			);
			runOnlyForDeploymentPostprocessing = 0;
		};
		EEB0E6C221725E3700CAF99E /* Sources */ = {
			isa = PBXSourcesBuildPhase;
			buildActionMask = 2147483647;
			files = (
				EEB0E6CB21725E3700CAF99E /* BaseProjectTests.swift in Sources */,
			);
			runOnlyForDeploymentPostprocessing = 0;
		};
/* End PBXSourcesBuildPhase section */

/* Begin PBXTargetDependency section */
		EEB0E6C821725E3700CAF99E /* PBXTargetDependency */ = {
			isa = PBXTargetDependency;
			target = EEB0E6B121725E3600CAF99E /* BaseProject */;
			targetProxy = EEB0E6C721725E3700CAF99E /* PBXContainerItemProxy */;
		};
/* End PBXTargetDependency section */

/* Begin PBXVariantGroup section */
		EEB0E6BE21725E3700CAF99E /* LaunchScreen.storyboard */ = {
			isa = PBXVariantGroup;
			children = (
				EEB0E6BF21725E3700CAF99E /* Base */,
			);
			name = LaunchScreen.storyboard;
			sourceTree = "<group>";
		};
/* End PBXVariantGroup section */

/* Begin XCBuildConfiguration section */
		EEB0E6CD21725E3700CAF99E /* Debug */ = {
			isa = XCBuildConfiguration;
			buildSettings = {
				ALWAYS_SEARCH_USER_PATHS = NO;
				CLANG_ANALYZER_NONNULL = YES;
				CLANG_ANALYZER_NUMBER_OBJECT_CONVERSION = YES_AGGRESSIVE;
				CLANG_CXX_LANGUAGE_STANDARD = "gnu++14";
				CLANG_CXX_LIBRARY = "libc++";
				CLANG_ENABLE_MODULES = YES;
				CLANG_ENABLE_OBJC_ARC = YES;
				CLANG_ENABLE_OBJC_WEAK = YES;
				CLANG_WARN_BLOCK_CAPTURE_AUTORELEASING = YES;
				CLANG_WARN_BOOL_CONVERSION = YES;
				CLANG_WARN_COMMA = YES;
				CLANG_WARN_CONSTANT_CONVERSION = YES;
				CLANG_WARN_DEPRECATED_OBJC_IMPLEMENTATIONS = YES;
				CLANG_WARN_DIRECT_OBJC_ISA_USAGE = YES_ERROR;
				CLANG_WARN_DOCUMENTATION_COMMENTS = YES;
				CLANG_WARN_EMPTY_BODY = YES;
				CLANG_WARN_ENUM_CONVERSION = YES;
				CLANG_WARN_INFINITE_RECURSION = YES;
				CLANG_WARN_INT_CONVERSION = YES;
				CLANG_WARN_NON_LITERAL_NULL_CONVERSION = YES;
				CLANG_WARN_OBJC_IMPLICIT_RETAIN_SELF = YES;
				CLANG_WARN_OBJC_LITERAL_CONVERSION = YES;
				CLANG_WARN_OBJC_ROOT_CLASS = YES_ERROR;
				CLANG_WARN_RANGE_LOOP_ANALYSIS = YES;
				CLANG_WARN_STRICT_PROTOTYPES = YES;
				CLANG_WARN_SUSPICIOUS_MOVE = YES;
				CLANG_WARN_UNGUARDED_AVAILABILITY = YES_AGGRESSIVE;
				CLANG_WARN_UNREACHABLE_CODE = YES;
				CLANG_WARN__DUPLICATE_METHOD_MATCH = YES;
				CODE_SIGN_IDENTITY = "iPhone Developer";
				COPY_PHASE_STRIP = NO;
				DEBUG_INFORMATION_FORMAT = dwarf;
				ENABLE_STRICT_OBJC_MSGSEND = YES;
				ENABLE_TESTABILITY = YES;
				GCC_C_LANGUAGE_STANDARD = gnu11;
				GCC_DYNAMIC_NO_PIC = NO;
				GCC_NO_COMMON_BLOCKS = YES;
				GCC_OPTIMIZATION_LEVEL = 0;
				GCC_PREPROCESSOR_DEFINITIONS = (
					"DEBUG=1",
					"$(inherited)",
				);
				GCC_WARN_64_TO_32_BIT_CONVERSION = YES;
				GCC_WARN_ABOUT_RETURN_TYPE = YES_ERROR;
				GCC_WARN_UNDECLARED_SELECTOR = YES;
				GCC_WARN_UNINITIALIZED_AUTOS = YES_AGGRESSIVE;
				GCC_WARN_UNUSED_FUNCTION = YES;
				GCC_WARN_UNUSED_VARIABLE = YES;
				IPHONEOS_DEPLOYMENT_TARGET = 12.0;
				MTL_ENABLE_DEBUG_INFO = INCLUDE_SOURCE;
				MTL_FAST_MATH = YES;
				ONLY_ACTIVE_ARCH = YES;
				SDKROOT = iphoneos;
				SWIFT_ACTIVE_COMPILATION_CONDITIONS = DEBUG;
				SWIFT_OPTIMIZATION_LEVEL = "-Onone";
			};
			name = Debug;
		};
		EEB0E6CE21725E3700CAF99E /* Release */ = {
			isa = XCBuildConfiguration;
			buildSettings = {
				ALWAYS_SEARCH_USER_PATHS = NO;
				CLANG_ANALYZER_NONNULL = YES;
				CLANG_ANALYZER_NUMBER_OBJECT_CONVERSION = YES_AGGRESSIVE;
				CLANG_CXX_LANGUAGE_STANDARD = "gnu++14";
				CLANG_CXX_LIBRARY = "libc++";
				CLANG_ENABLE_MODULES = YES;
				CLANG_ENABLE_OBJC_ARC = YES;
				CLANG_ENABLE_OBJC_WEAK = YES;
				CLANG_WARN_BLOCK_CAPTURE_AUTORELEASING = YES;
				CLANG_WARN_BOOL_CONVERSION = YES;
				CLANG_WARN_COMMA = YES;
				CLANG_WARN_CONSTANT_CONVERSION = YES;
				CLANG_WARN_DEPRECATED_OBJC_IMPLEMENTATIONS = YES;
				CLANG_WARN_DIRECT_OBJC_ISA_USAGE = YES_ERROR;
				CLANG_WARN_DOCUMENTATION_COMMENTS = YES;
				CLANG_WARN_EMPTY_BODY = YES;
				CLANG_WARN_ENUM_CONVERSION = YES;
				CLANG_WARN_INFINITE_RECURSION = YES;
				CLANG_WARN_INT_CONVERSION = YES;
				CLANG_WARN_NON_LITERAL_NULL_CONVERSION = YES;
				CLANG_WARN_OBJC_IMPLICIT_RETAIN_SELF = YES;
				CLANG_WARN_OBJC_LITERAL_CONVERSION = YES;
				CLANG_WARN_OBJC_ROOT_CLASS = YES_ERROR;
				CLANG_WARN_RANGE_LOOP_ANALYSIS = YES;
				CLANG_WARN_STRICT_PROTOTYPES = YES;
				CLANG_WARN_SUSPICIOUS_MOVE = YES;
				CLANG_WARN_UNGUARDED_AVAILABILITY = YES_AGGRESSIVE;
				CLANG_WARN_UNREACHABLE_CODE = YES;
				CLANG_WARN__DUPLICATE_METHOD_MATCH = YES;
				CODE_SIGN_IDENTITY = "iPhone Developer";
				COPY_PHASE_STRIP = NO;
				DEBUG_INFORMATION_FORMAT = "dwarf-with-dsym";
				ENABLE_NS_ASSERTIONS = NO;
				ENABLE_STRICT_OBJC_MSGSEND = YES;
				GCC_C_LANGUAGE_STANDARD = gnu11;
				GCC_NO_COMMON_BLOCKS = YES;
				GCC_WARN_64_TO_32_BIT_CONVERSION = YES;
				GCC_WARN_ABOUT_RETURN_TYPE = YES_ERROR;
				GCC_WARN_UNDECLARED_SELECTOR = YES;
				GCC_WARN_UNINITIALIZED_AUTOS = YES_AGGRESSIVE;
				GCC_WARN_UNUSED_FUNCTION = YES;
				GCC_WARN_UNUSED_VARIABLE = YES;
				IPHONEOS_DEPLOYMENT_TARGET = 12.0;
				MTL_ENABLE_DEBUG_INFO = NO;
				MTL_FAST_MATH = YES;
				SDKROOT = iphoneos;
				SWIFT_COMPILATION_MODE = wholemodule;
				SWIFT_OPTIMIZATION_LEVEL = "-O";
				VALIDATE_PRODUCT = YES;
			};
			name = Release;
		};
		EEB0E6D021725E3700CAF99E /* Debug */ = {
			isa = XCBuildConfiguration;
			baseConfigurationReference = 101F9FB3B4782ABEAAC213ED /* Pods-BaseProject.debug.xcconfig */;
			buildSettings = {
				ASSETCATALOG_COMPILER_APPICON_NAME = AppIcon;
				CODE_SIGN_STYLE = Automatic;
				DEVELOPMENT_TEAM = SU497EG9DN;
				INFOPLIST_FILE = BaseProject/Resources/Info.plist;
				LD_RUNPATH_SEARCH_PATHS = (
					"$(inherited)",
					"@executable_path/Frameworks",
				);
				PRODUCT_BUNDLE_IDENTIFIER = francofadini.BaseProject;
				PRODUCT_NAME = "$(TARGET_NAME)";
				SWIFT_VERSION = 4.2;
				TARGETED_DEVICE_FAMILY = "1,2";
			};
			name = Debug;
		};
		EEB0E6D121725E3700CAF99E /* Release */ = {
			isa = XCBuildConfiguration;
			baseConfigurationReference = C531D2DE55731110BDF5046D /* Pods-BaseProject.release.xcconfig */;
			buildSettings = {
				ASSETCATALOG_COMPILER_APPICON_NAME = AppIcon;
				CODE_SIGN_STYLE = Automatic;
				DEVELOPMENT_TEAM = SU497EG9DN;
				INFOPLIST_FILE = BaseProject/Resources/Info.plist;
				LD_RUNPATH_SEARCH_PATHS = (
					"$(inherited)",
					"@executable_path/Frameworks",
				);
				PRODUCT_BUNDLE_IDENTIFIER = francofadini.BaseProject;
				PRODUCT_NAME = "$(TARGET_NAME)";
				SWIFT_VERSION = 4.2;
				TARGETED_DEVICE_FAMILY = "1,2";
			};
			name = Release;
		};
		EEB0E6D321725E3700CAF99E /* Debug */ = {
			isa = XCBuildConfiguration;
			baseConfigurationReference = 3E19D47186EB9CC2D1A403D5 /* Pods-BaseProjectTests.debug.xcconfig */;
			buildSettings = {
				ALWAYS_EMBED_SWIFT_STANDARD_LIBRARIES = YES;
				BUNDLE_LOADER = "$(TEST_HOST)";
				CODE_SIGN_STYLE = Automatic;
				DEVELOPMENT_TEAM = WTWN3WUS6Q;
				INFOPLIST_FILE = BaseProjectTests/Info.plist;
				LD_RUNPATH_SEARCH_PATHS = (
					"$(inherited)",
					"@executable_path/Frameworks",
					"@loader_path/Frameworks",
				);
				PRODUCT_BUNDLE_IDENTIFIER = made2.BaseProjectTests;
				PRODUCT_NAME = "$(TARGET_NAME)";
				SWIFT_VERSION = 4.2;
				TARGETED_DEVICE_FAMILY = "1,2";
				TEST_HOST = "$(BUILT_PRODUCTS_DIR)/BaseProject.app/BaseProject";
			};
			name = Debug;
		};
		EEB0E6D421725E3700CAF99E /* Release */ = {
			isa = XCBuildConfiguration;
			baseConfigurationReference = 8F6C3DE9642FD62CFA29EF20 /* Pods-BaseProjectTests.release.xcconfig */;
			buildSettings = {
				ALWAYS_EMBED_SWIFT_STANDARD_LIBRARIES = YES;
				BUNDLE_LOADER = "$(TEST_HOST)";
				CODE_SIGN_STYLE = Automatic;
				DEVELOPMENT_TEAM = WTWN3WUS6Q;
				INFOPLIST_FILE = BaseProjectTests/Info.plist;
				LD_RUNPATH_SEARCH_PATHS = (
					"$(inherited)",
					"@executable_path/Frameworks",
					"@loader_path/Frameworks",
				);
				PRODUCT_BUNDLE_IDENTIFIER = made2.BaseProjectTests;
				PRODUCT_NAME = "$(TARGET_NAME)";
				SWIFT_VERSION = 4.2;
				TARGETED_DEVICE_FAMILY = "1,2";
				TEST_HOST = "$(BUILT_PRODUCTS_DIR)/BaseProject.app/BaseProject";
			};
			name = Release;
		};
/* End XCBuildConfiguration section */

/* Begin XCConfigurationList section */
		EEB0E6AD21725E3600CAF99E /* Build configuration list for PBXProject "BaseProject" */ = {
			isa = XCConfigurationList;
			buildConfigurations = (
				EEB0E6CD21725E3700CAF99E /* Debug */,
				EEB0E6CE21725E3700CAF99E /* Release */,
			);
			defaultConfigurationIsVisible = 0;
			defaultConfigurationName = Release;
		};
		EEB0E6CF21725E3700CAF99E /* Build configuration list for PBXNativeTarget "BaseProject" */ = {
			isa = XCConfigurationList;
			buildConfigurations = (
				EEB0E6D021725E3700CAF99E /* Debug */,
				EEB0E6D121725E3700CAF99E /* Release */,
			);
			defaultConfigurationIsVisible = 0;
			defaultConfigurationName = Release;
		};
		EEB0E6D221725E3700CAF99E /* Build configuration list for PBXNativeTarget "BaseProjectTests" */ = {
			isa = XCConfigurationList;
			buildConfigurations = (
				EEB0E6D321725E3700CAF99E /* Debug */,
				EEB0E6D421725E3700CAF99E /* Release */,
			);
			defaultConfigurationIsVisible = 0;
			defaultConfigurationName = Release;
		};
/* End XCConfigurationList section */
	};
	rootObject = EEB0E6AA21725E3600CAF99E /* Project object */;
}
